
Microsoft Visual Studio Solution File, Format Version 12.00
# Visual Studio 15
VisualStudioVersion = 15.0.27428.2002
MinimumVisualStudioVersion = 10.0.40219.1
Project("{FAE04EC0-301F-11D3-BF4B-00C04F79EFBC}") = "FuelTankMappingGenerator", "FuelTankMappingGenerator\FuelTankMappingGenerator.csproj", "{1955BC7B-F966-48FC-B30B-744DA2F28BB3}"
EndProject
Global
	GlobalSection(SolutionConfigurationPlatforms) = preSolution
		Debug|Any CPU = Debug|Any CPU
		Release|Any CPU = Release|Any CPU
	EndGlobalSection
	GlobalSection(ProjectConfigurationPlatforms) = postSolution
		{1955BC7B-F966-48FC-B30B-744DA2F28BB3}.Debug|Any CPU.ActiveCfg = Debug|Any CPU
		{1955BC7B-F966-48FC-B30B-744DA2F28BB3}.Debug|Any CPU.Build.0 = Debug|Any CPU
		{1955BC7B-F966-48FC-B30B-744DA2F28BB3}.Release|Any CPU.ActiveCfg = Release|Any CPU
		{1955BC7B-F966-48FC-B30B-744DA2F28BB3}.Release|Any CPU.Build.0 = Release|Any CPU
	EndGlobalSection
	GlobalSection(SolutionProperties) = preSolution
		HideSolutionNode = FALSE
	EndGlobalSection
	GlobalSection(ExtensibilityGlobals) = postSolution
		SolutionGuid = {51ED825E-D451-4730-A6C9-C6FF45CF155F}
	EndGlobalSection
EndGlobal
